
Microsoft Visual Studio Solution File, Format Version 12.00
# Visual Studio 15
VisualStudioVersion = 15.0.28010.2041
MinimumVisualStudioVersion = 10.0.40219.1
Project("{FAE04EC0-301F-11D3-BF4B-00C04F79EFBC}") = "Ergogame.Android", "Ergogame\Ergogame.Android\Ergogame.Android.csproj", "{A1DFD3FA-848D-4FC0-BE94-B54A4885ECAA}"
EndProject
Project("{FAE04EC0-301F-11D3-BF4B-00C04F79EFBC}") = "Ergogame.iOS", "Ergogame\Ergogame.iOS\Ergogame.iOS.csproj", "{4756E4CC-C293-46D6-BDE5-64B42C0F7958}"
EndProject
Project("{FAE04EC0-301F-11D3-BF4B-00C04F79EFBC}") = "Ergogame", "Ergogame\Ergogame\Ergogame.csproj", "{6D588B39-EB3A-4DF9-8B2F-36F3DC84B4A7}"
EndProject
Global
	GlobalSection(SolutionConfigurationPlatforms) = preSolution
		Ad-Hoc|Any CPU = Ad-Hoc|Any CPU
		Ad-Hoc|iPhone = Ad-Hoc|iPhone
		Ad-Hoc|iPhoneSimulator = Ad-Hoc|iPhoneSimulator
		AppStore|Any CPU = AppStore|Any CPU
		AppStore|iPhone = AppStore|iPhone
		AppStore|iPhoneSimulator = AppStore|iPhoneSimulator
		Debug|Any CPU = Debug|Any CPU
		Debug|iPhone = Debug|iPhone
		Debug|iPhoneSimulator = Debug|iPhoneSimulator
		Release|Any CPU = Release|Any CPU
		Release|iPhone = Release|iPhone
		Release|iPhoneSimulator = Release|iPhoneSimulator
	EndGlobalSection
	GlobalSection(ProjectConfigurationPlatforms) = postSolution
		{A1DFD3FA-848D-4FC0-BE94-B54A4885ECAA}.Ad-Hoc|Any CPU.ActiveCfg = Release|Any CPU
		{A1DFD3FA-848D-4FC0-BE94-B54A4885ECAA}.Ad-Hoc|Any CPU.Build.0 = Release|Any CPU
		{A1DFD3FA-848D-4FC0-BE94-B54A4885ECAA}.Ad-Hoc|Any CPU.Deploy.0 = Release|Any CPU
		{A1DFD3FA-848D-4FC0-BE94-B54A4885ECAA}.Ad-Hoc|iPhone.ActiveCfg = Release|Any CPU
		{A1DFD3FA-848D-4FC0-BE94-B54A4885ECAA}.Ad-Hoc|iPhone.Build.0 = Release|Any CPU
		{A1DFD3FA-848D-4FC0-BE94-B54A4885ECAA}.Ad-Hoc|iPhone.Deploy.0 = Release|Any CPU
		{A1DFD3FA-848D-4FC0-BE94-B54A4885ECAA}.Ad-Hoc|iPhoneSimulator.ActiveCfg = Release|Any CPU
		{A1DFD3FA-848D-4FC0-BE94-B54A4885ECAA}.Ad-Hoc|iPhoneSimulator.Build.0 = Release|Any CPU
		{A1DFD3FA-848D-4FC0-BE94-B54A4885ECAA}.Ad-Hoc|iPhoneSimulator.Deploy.0 = Release|Any CPU
		{A1DFD3FA-848D-4FC0-BE94-B54A4885ECAA}.AppStore|Any CPU.ActiveCfg = Release|Any CPU
		{A1DFD3FA-848D-4FC0-BE94-B54A4885ECAA}.AppStore|Any CPU.Build.0 = Release|Any CPU
		{A1DFD3FA-848D-4FC0-BE94-B54A4885ECAA}.AppStore|Any CPU.Deploy.0 = Release|Any CPU
		{A1DFD3FA-848D-4FC0-BE94-B54A4885ECAA}.AppStore|iPhone.ActiveCfg = Release|Any CPU
		{A1DFD3FA-848D-4FC0-BE94-B54A4885ECAA}.AppStore|iPhone.Build.0 = Release|Any CPU
		{A1DFD3FA-848D-4FC0-BE94-B54A4885ECAA}.AppStore|iPhone.Deploy.0 = Release|Any CPU
		{A1DFD3FA-848D-4FC0-BE94-B54A4885ECAA}.AppStore|iPhoneSimulator.ActiveCfg = Release|Any CPU
		{A1DFD3FA-848D-4FC0-BE94-B54A4885ECAA}.AppStore|iPhoneSimulator.Build.0 = Release|Any CPU
		{A1DFD3FA-848D-4FC0-BE94-B54A4885ECAA}.AppStore|iPhoneSimulator.Deploy.0 = Release|Any CPU
		{A1DFD3FA-848D-4FC0-BE94-B54A4885ECAA}.Debug|Any CPU.ActiveCfg = Debug|Any CPU
		{A1DFD3FA-848D-4FC0-BE94-B54A4885ECAA}.Debug|Any CPU.Build.0 = Debug|Any CPU
		{A1DFD3FA-848D-4FC0-BE94-B54A4885ECAA}.Debug|Any CPU.Deploy.0 = Debug|Any CPU
		{A1DFD3FA-848D-4FC0-BE94-B54A4885ECAA}.Debug|iPhone.ActiveCfg = Debug|Any CPU
		{A1DFD3FA-848D-4FC0-BE94-B54A4885ECAA}.Debug|iPhone.Build.0 = Debug|Any CPU
		{A1DFD3FA-848D-4FC0-BE94-B54A4885ECAA}.Debug|iPhone.Deploy.0 = Debug|Any CPU
		{A1DFD3FA-848D-4FC0-BE94-B54A4885ECAA}.Debug|iPhoneSimulator.ActiveCfg = Debug|Any CPU
		{A1DFD3FA-848D-4FC0-BE94-B54A4885ECAA}.Debug|iPhoneSimulator.Build.0 = Debug|Any CPU
		{A1DFD3FA-848D-4FC0-BE94-B54A4885ECAA}.Debug|iPhoneSimulator.Deploy.0 = Debug|Any CPU
		{A1DFD3FA-848D-4FC0-BE94-B54A4885ECAA}.Release|Any CPU.ActiveCfg = Release|Any CPU
		{A1DFD3FA-848D-4FC0-BE94-B54A4885ECAA}.Release|Any CPU.Build.0 = Release|Any CPU
		{A1DFD3FA-848D-4FC0-BE94-B54A4885ECAA}.Release|Any CPU.Deploy.0 = Release|Any CPU
		{A1DFD3FA-848D-4FC0-BE94-B54A4885ECAA}.Release|iPhone.ActiveCfg = Release|Any CPU
		{A1DFD3FA-848D-4FC0-BE94-B54A4885ECAA}.Release|iPhone.Build.0 = Release|Any CPU
		{A1DFD3FA-848D-4FC0-BE94-B54A4885ECAA}.Release|iPhone.Deploy.0 = Release|Any CPU
		{A1DFD3FA-848D-4FC0-BE94-B54A4885ECAA}.Release|iPhoneSimulator.ActiveCfg = Release|Any CPU
		{A1DFD3FA-848D-4FC0-BE94-B54A4885ECAA}.Release|iPhoneSimulator.Build.0 = Release|Any CPU
		{A1DFD3FA-848D-4FC0-BE94-B54A4885ECAA}.Release|iPhoneSimulator.Deploy.0 = Release|Any CPU
		{4756E4CC-C293-46D6-BDE5-64B42C0F7958}.Ad-Hoc|Any CPU.ActiveCfg = Ad-Hoc|iPhone
		{4756E4CC-C293-46D6-BDE5-64B42C0F7958}.Ad-Hoc|Any CPU.Build.0 = Ad-Hoc|iPhone
		{4756E4CC-C293-46D6-BDE5-64B42C0F7958}.Ad-Hoc|Any CPU.Deploy.0 = Ad-Hoc|iPhone
		{4756E4CC-C293-46D6-BDE5-64B42C0F7958}.Ad-Hoc|iPhone.ActiveCfg = Ad-Hoc|iPhone
		{4756E4CC-C293-46D6-BDE5-64B42C0F7958}.Ad-Hoc|iPhone.Build.0 = Ad-Hoc|iPhone
		{4756E4CC-C293-46D6-BDE5-64B42C0F7958}.Ad-Hoc|iPhone.Deploy.0 = Ad-Hoc|iPhone
		{4756E4CC-C293-46D6-BDE5-64B42C0F7958}.Ad-Hoc|iPhoneSimulator.ActiveCfg = Ad-Hoc|iPhoneSimulator
		{4756E4CC-C293-46D6-BDE5-64B42C0F7958}.Ad-Hoc|iPhoneSimulator.Build.0 = Ad-Hoc|iPhoneSimulator
		{4756E4CC-C293-46D6-BDE5-64B42C0F7958}.Ad-Hoc|iPhoneSimulator.Deploy.0 = Ad-Hoc|iPhoneSimulator
		{4756E4CC-C293-46D6-BDE5-64B42C0F7958}.AppStore|Any CPU.ActiveCfg = AppStore|iPhone
		{4756E4CC-C293-46D6-BDE5-64B42C0F7958}.AppStore|Any CPU.Build.0 = AppStore|iPhone
		{4756E4CC-C293-46D6-BDE5-64B42C0F7958}.AppStore|Any CPU.Deploy.0 = AppStore|iPhone
		{4756E4CC-C293-46D6-BDE5-64B42C0F7958}.AppStore|iPhone.ActiveCfg = AppStore|iPhone
		{4756E4CC-C293-46D6-BDE5-64B42C0F7958}.AppStore|iPhone.Build.0 = AppStore|iPhone
		{4756E4CC-C293-46D6-BDE5-64B42C0F7958}.AppStore|iPhone.Deploy.0 = AppStore|iPhone
		{4756E4CC-C293-46D6-BDE5-64B42C0F7958}.AppStore|iPhoneSimulator.ActiveCfg = AppStore|iPhoneSimulator
		{4756E4CC-C293-46D6-BDE5-64B42C0F7958}.AppStore|iPhoneSimulator.Build.0 = AppStore|iPhoneSimulator
		{4756E4CC-C293-46D6-BDE5-64B42C0F7958}.AppStore|iPhoneSimulator.Deploy.0 = AppStore|iPhoneSimulator
		{4756E4CC-C293-46D6-BDE5-64B42C0F7958}.Debug|Any CPU.ActiveCfg = Debug|iPhoneSimulator
		{4756E4CC-C293-46D6-BDE5-64B42C0F7958}.Debug|Any CPU.Build.0 = Debug|iPhoneSimulator
		{4756E4CC-C293-46D6-BDE5-64B42C0F7958}.Debug|Any CPU.Deploy.0 = Debug|iPhoneSimulator
		{4756E4CC-C293-46D6-BDE5-64B42C0F7958}.Debug|iPhone.ActiveCfg = Debug|iPhone
		{4756E4CC-C293-46D6-BDE5-64B42C0F7958}.Debug|iPhone.Build.0 = Debug|iPhone
		{4756E4CC-C293-46D6-BDE5-64B42C0F7958}.Debug|iPhone.Deploy.0 = Debug|iPhone
		{4756E4CC-C293-46D6-BDE5-64B42C0F7958}.Debug|iPhoneSimulator.ActiveCfg = Debug|iPhoneSimulator
		{4756E4CC-C293-46D6-BDE5-64B42C0F7958}.Debug|iPhoneSimulator.Build.0 = Debug|iPhoneSimulator
		{4756E4CC-C293-46D6-BDE5-64B42C0F7958}.Debug|iPhoneSimulator.Deploy.0 = Debug|iPhoneSimulator
		{4756E4CC-C293-46D6-BDE5-64B42C0F7958}.Release|Any CPU.ActiveCfg = Release|iPhone
		{4756E4CC-C293-46D6-BDE5-64B42C0F7958}.Release|Any CPU.Build.0 = Release|iPhone
		{4756E4CC-C293-46D6-BDE5-64B42C0F7958}.Release|Any CPU.Deploy.0 = Release|iPhone
		{4756E4CC-C293-46D6-BDE5-64B42C0F7958}.Release|iPhone.ActiveCfg = Release|iPhone
		{4756E4CC-C293-46D6-BDE5-64B42C0F7958}.Release|iPhone.Build.0 = Release|iPhone
		{4756E4CC-C293-46D6-BDE5-64B42C0F7958}.Release|iPhone.Deploy.0 = Release|iPhone
		{4756E4CC-C293-46D6-BDE5-64B42C0F7958}.Release|iPhoneSimulator.ActiveCfg = Release|iPhoneSimulator
		{4756E4CC-C293-46D6-BDE5-64B42C0F7958}.Release|iPhoneSimulator.Build.0 = Release|iPhoneSimulator
		{4756E4CC-C293-46D6-BDE5-64B42C0F7958}.Release|iPhoneSimulator.Deploy.0 = Release|iPhoneSimulator
		{6D588B39-EB3A-4DF9-8B2F-36F3DC84B4A7}.Ad-Hoc|Any CPU.ActiveCfg = Debug|Any CPU
		{6D588B39-EB3A-4DF9-8B2F-36F3DC84B4A7}.Ad-Hoc|Any CPU.Build.0 = Debug|Any CPU
		{6D588B39-EB3A-4DF9-8B2F-36F3DC84B4A7}.Ad-Hoc|Any CPU.Deploy.0 = Debug|Any CPU
		{6D588B39-EB3A-4DF9-8B2F-36F3DC84B4A7}.Ad-Hoc|iPhone.ActiveCfg = Debug|Any CPU
		{6D588B39-EB3A-4DF9-8B2F-36F3DC84B4A7}.Ad-Hoc|iPhone.Build.0 = Debug|Any CPU
		{6D588B39-EB3A-4DF9-8B2F-36F3DC84B4A7}.Ad-Hoc|iPhone.Deploy.0 = Debug|Any CPU
		{6D588B39-EB3A-4DF9-8B2F-36F3DC84B4A7}.Ad-Hoc|iPhoneSimulator.ActiveCfg = Debug|Any CPU
		{6D588B39-EB3A-4DF9-8B2F-36F3DC84B4A7}.Ad-Hoc|iPhoneSimulator.Build.0 = Debug|Any CPU
		{6D588B39-EB3A-4DF9-8B2F-36F3DC84B4A7}.Ad-Hoc|iPhoneSimulator.Deploy.0 = Debug|Any CPU
		{6D588B39-EB3A-4DF9-8B2F-36F3DC84B4A7}.AppStore|Any CPU.ActiveCfg = Debug|Any CPU
		{6D588B39-EB3A-4DF9-8B2F-36F3DC84B4A7}.AppStore|Any CPU.Build.0 = Debug|Any CPU
		{6D588B39-EB3A-4DF9-8B2F-36F3DC84B4A7}.AppStore|Any CPU.Deploy.0 = Debug|Any CPU
		{6D588B39-EB3A-4DF9-8B2F-36F3DC84B4A7}.AppStore|iPhone.ActiveCfg = Debug|Any CPU
		{6D588B39-EB3A-4DF9-8B2F-36F3DC84B4A7}.AppStore|iPhone.Build.0 = Debug|Any CPU
		{6D588B39-EB3A-4DF9-8B2F-36F3DC84B4A7}.AppStore|iPhone.Deploy.0 = Debug|Any CPU
		{6D588B39-EB3A-4DF9-8B2F-36F3DC84B4A7}.AppStore|iPhoneSimulator.ActiveCfg = Debug|Any CPU
		{6D588B39-EB3A-4DF9-8B2F-36F3DC84B4A7}.AppStore|iPhoneSimulator.Build.0 = Debug|Any CPU
		{6D588B39-EB3A-4DF9-8B2F-36F3DC84B4A7}.AppStore|iPhoneSimulator.Deploy.0 = Debug|Any CPU
		{6D588B39-EB3A-4DF9-8B2F-36F3DC84B4A7}.Debug|Any CPU.ActiveCfg = Debug|Any CPU
		{6D588B39-EB3A-4DF9-8B2F-36F3DC84B4A7}.Debug|Any CPU.Build.0 = Debug|Any CPU
		{6D588B39-EB3A-4DF9-8B2F-36F3DC84B4A7}.Debug|Any CPU.Deploy.0 = Debug|Any CPU
		{6D588B39-EB3A-4DF9-8B2F-36F3DC84B4A7}.Debug|iPhone.ActiveCfg = Debug|Any CPU
		{6D588B39-EB3A-4DF9-8B2F-36F3DC84B4A7}.Debug|iPhone.Build.0 = Debug|Any CPU
		{6D588B39-EB3A-4DF9-8B2F-36F3DC84B4A7}.Debug|iPhone.Deploy.0 = Debug|Any CPU
		{6D588B39-EB3A-4DF9-8B2F-36F3DC84B4A7}.Debug|iPhoneSimulator.ActiveCfg = Debug|Any CPU
		{6D588B39-EB3A-4DF9-8B2F-36F3DC84B4A7}.Debug|iPhoneSimulator.Build.0 = Debug|Any CPU
		{6D588B39-EB3A-4DF9-8B2F-36F3DC84B4A7}.Debug|iPhoneSimulator.Deploy.0 = Debug|Any CPU
		{6D588B39-EB3A-4DF9-8B2F-36F3DC84B4A7}.Release|Any CPU.ActiveCfg = Release|Any CPU
		{6D588B39-EB3A-4DF9-8B2F-36F3DC84B4A7}.Release|Any CPU.Build.0 = Release|Any CPU
		{6D588B39-EB3A-4DF9-8B2F-36F3DC84B4A7}.Release|Any CPU.Deploy.0 = Release|Any CPU
		{6D588B39-EB3A-4DF9-8B2F-36F3DC84B4A7}.Release|iPhone.ActiveCfg = Release|Any CPU
		{6D588B39-EB3A-4DF9-8B2F-36F3DC84B4A7}.Release|iPhone.Build.0 = Release|Any CPU
		{6D588B39-EB3A-4DF9-8B2F-36F3DC84B4A7}.Release|iPhone.Deploy.0 = Release|Any CPU
		{6D588B39-EB3A-4DF9-8B2F-36F3DC84B4A7}.Release|iPhoneSimulator.ActiveCfg = Release|Any CPU
		{6D588B39-EB3A-4DF9-8B2F-36F3DC84B4A7}.Release|iPhoneSimulator.Build.0 = Release|Any CPU
		{6D588B39-EB3A-4DF9-8B2F-36F3DC84B4A7}.Release|iPhoneSimulator.Deploy.0 = Release|Any CPU
	EndGlobalSection
	GlobalSection(SolutionProperties) = preSolution
		HideSolutionNode = FALSE
	EndGlobalSection
	GlobalSection(ExtensibilityGlobals) = postSolution
		SolutionGuid = {16FCE2DD-C81D-4D9E-B457-E7B5D093CD7A}
	EndGlobalSection
EndGlobal
